
Microsoft Visual Studio Solution File, Format Version 12.00
# Visual Studio Version 16
VisualStudioVersion = 16.0.28803.202
MinimumVisualStudioVersion = 10.0.40219.1
Project("{2150E333-8FDC-42A3-9474-1A3956D46DE8}") = "Presentation", "Presentation", "{6F3F0277-4C6A-4085-8A5E-EFA3DC7BC6B2}"
EndProject
Project("{2150E333-8FDC-42A3-9474-1A3956D46DE8}") = "BS.WEB", "BS.WEB", "{114773E9-EE4E-4E95-AA13-A2F2CC4C576A}"
EndProject
Project("{2150E333-8FDC-42A3-9474-1A3956D46DE8}") = "ViewModels", "ViewModels", "{02B76AC2-4204-4046-8E0A-4144FA72B7A8}"
EndProject
Project("{9A19103F-16F7-4668-BE54-9A1E7A4F7556}") = "BS.Web", "BS.Web\BS.Web.csproj", "{671688E9-1946-43C0-B254-E8460ABFCDC7}"
EndProject
Project("{2150E333-8FDC-42A3-9474-1A3956D46DE8}") = "WEB", "WEB", "{569D11F1-4F78-4365-826C-91083F8D1D02}"
EndProject
Project("{9A19103F-16F7-4668-BE54-9A1E7A4F7556}") = "BS.WEB.ViewModels", "BS.WEB.ViewModels\BS.WEB.ViewModels.csproj", "{A2FD40C9-0C9E-4553-BA5C-9AE75AFA6CE7}"
EndProject
Project("{9A19103F-16F7-4668-BE54-9A1E7A4F7556}") = "BS.WEB.ViewModels.Abstract", "BS.WEB.ViewModels.Abstract\BS.WEB.ViewModels.Abstract.csproj", "{ACB727DE-28D0-49AD-9CB0-B7CC7240CED4}"
EndProject
Project("{2150E333-8FDC-42A3-9474-1A3956D46DE8}") = "Data", "Data", "{79AE95B2-F78F-4F06-9731-14C7846B071E}"
EndProject
Project("{2150E333-8FDC-42A3-9474-1A3956D46DE8}") = "Business", "Business", "{FE12E808-0E25-4B7B-8915-41BCFE9794FE}"
EndProject
Project("{2150E333-8FDC-42A3-9474-1A3956D46DE8}") = "Utility", "Utility", "{09D9AB05-8F3A-4526-897C-292839D51D26}"
EndProject
Project("{2150E333-8FDC-42A3-9474-1A3956D46DE8}") = "Tests", "Tests", "{19BCA647-84CE-4564-A098-6DCFC8F2E7AD}"
EndProject
Project("{2150E333-8FDC-42A3-9474-1A3956D46DE8}") = "Identity", "Identity", "{F27A7F8B-9B01-4B75-B24C-426B5D0EED61}"
EndProject
Project("{2150E333-8FDC-42A3-9474-1A3956D46DE8}") = "Services", "Services", "{91929894-276F-4CCD-9D05-86BCE833E278}"
EndProject
Project("{2150E333-8FDC-42A3-9474-1A3956D46DE8}") = "Services", "Services", "{FB5291FA-BFCE-4D99-81FE-F68F9922FBB9}"
EndProject
Project("{2150E333-8FDC-42A3-9474-1A3956D46DE8}") = "UserService", "UserService", "{8601F4BD-6A69-491D-9E69-E74E5CD385D1}"
EndProject
Project("{2150E333-8FDC-42A3-9474-1A3956D46DE8}") = "Manager", "Manager", "{C3785004-887C-4FA5-894F-4316A05C3CCE}"
EndProject
Project("{2150E333-8FDC-42A3-9474-1A3956D46DE8}") = "UserManager", "UserManager", "{61951B8B-B1F0-4044-871F-2A913BF54D6F}"
EndProject
Project("{2150E333-8FDC-42A3-9474-1A3956D46DE8}") = "SignInManager", "SignInManager", "{2D27C73A-F68F-4FA0-B558-86503B05D211}"
EndProject
Project("{9A19103F-16F7-4668-BE54-9A1E7A4F7556}") = "BS.Identity.Manager.UserManager.Wrapper.Abstract", "BS.Identity.Manager.UserManager.Wrapper.Abstract\BS.Identity.Manager.UserManager.Wrapper.Abstract.csproj", "{157E6615-2817-49AD-A075-EEA390FEF766}"
EndProject
Project("{2150E333-8FDC-42A3-9474-1A3956D46DE8}") = "Models", "Models", "{57769F98-FA47-4781-A386-71D4F05B6605}"
EndProject
Project("{9A19103F-16F7-4668-BE54-9A1E7A4F7556}") = "BS.Identity.Models", "BS.Identity.Models\BS.Identity.Models.csproj", "{8EC00EBE-DE4C-49A5-9468-FB46D53A3C5D}"
EndProject
Project("{9A19103F-16F7-4668-BE54-9A1E7A4F7556}") = "BS.Identity.Manager.UserManagerUtility", "BS.Identity.Manager.UserManagerUtility\BS.Identity.Manager.UserManagerUtility.csproj", "{EC859069-FA32-45F0-98AB-7DB0148BCE14}"
EndProject
Project("{FAE04EC0-301F-11D3-BF4B-00C04F79EFBC}") = "BS.Identity.Manager.SignInManagerUtility", "BS.Identity.Manager.SignInManagerUtility\BS.Identity.Manager.SignInManagerUtility.csproj", "{05D741E5-9FD8-41B7-A4F5-78C8BB13C188}"
EndProject
Project("{9A19103F-16F7-4668-BE54-9A1E7A4F7556}") = "BS.Identity.Manager.SignInManager.Wrapper.Abstract", "BS.Identity.Manager.SignInManager.Wrapper.Abstract\BS.Identity.Manager.SignInManager.Wrapper.Abstract.csproj", "{D4D567E6-B55D-4081-876B-0AA2F5A6845E}"
EndProject
Project("{FAE04EC0-301F-11D3-BF4B-00C04F79EFBC}") = "BS.Identity.Service.BaseIdentityUserService.Abstract", "BS.Identity.Service.BaseIdentityUserService.Abstract\BS.Identity.Service.BaseIdentityUserService.Abstract.csproj", "{BE474168-C786-42DE-9835-D1039B08F1AD}"
EndProject
Project("{FAE04EC0-301F-11D3-BF4B-00C04F79EFBC}") = "BS.Identity.Service.BaseIdentityUserService", "BS.Identity.Service.BaseIdentityUserService\BS.Identity.Service.BaseIdentityUserService.csproj", "{35183FDB-9E43-43C0-8A71-3F7B51E15798}"
EndProject
Project("{2150E333-8FDC-42A3-9474-1A3956D46DE8}") = "Models", "Models", "{A3E60845-3199-4440-987F-D55C9289A559}"
EndProject
Project("{2150E333-8FDC-42A3-9474-1A3956D46DE8}") = "EfContext", "EfContext", "{7214D9CC-2B3E-4CF6-95BC-5B784E2C4FBA}"
EndProject
Project("{FAE04EC0-301F-11D3-BF4B-00C04F79EFBC}") = "BS.Data.Models", "BS.Data.Models\BS.Data.Models.csproj", "{452FCDF3-1914-4C3C-B020-329C4EF248F8}"
EndProject
Project("{FAE04EC0-301F-11D3-BF4B-00C04F79EFBC}") = "BS.Data.Models.Abstract", "BS.Data.Models.Abstract\BS.Data.Models.Abstract.csproj", "{EEECDCE9-5124-404D-BFDE-6AFA64387BE6}"
EndProject
Global
	GlobalSection(SolutionConfigurationPlatforms) = preSolution
		Debug|Any CPU = Debug|Any CPU
		Release|Any CPU = Release|Any CPU
	EndGlobalSection
	GlobalSection(ProjectConfigurationPlatforms) = postSolution
		{671688E9-1946-43C0-B254-E8460ABFCDC7}.Debug|Any CPU.ActiveCfg = Debug|Any CPU
		{671688E9-1946-43C0-B254-E8460ABFCDC7}.Debug|Any CPU.Build.0 = Debug|Any CPU
		{671688E9-1946-43C0-B254-E8460ABFCDC7}.Release|Any CPU.ActiveCfg = Release|Any CPU
		{671688E9-1946-43C0-B254-E8460ABFCDC7}.Release|Any CPU.Build.0 = Release|Any CPU
		{A2FD40C9-0C9E-4553-BA5C-9AE75AFA6CE7}.Debug|Any CPU.ActiveCfg = Debug|Any CPU
		{A2FD40C9-0C9E-4553-BA5C-9AE75AFA6CE7}.Debug|Any CPU.Build.0 = Debug|Any CPU
		{A2FD40C9-0C9E-4553-BA5C-9AE75AFA6CE7}.Release|Any CPU.ActiveCfg = Release|Any CPU
		{A2FD40C9-0C9E-4553-BA5C-9AE75AFA6CE7}.Release|Any CPU.Build.0 = Release|Any CPU
		{ACB727DE-28D0-49AD-9CB0-B7CC7240CED4}.Debug|Any CPU.ActiveCfg = Debug|Any CPU
		{ACB727DE-28D0-49AD-9CB0-B7CC7240CED4}.Debug|Any CPU.Build.0 = Debug|Any CPU
		{ACB727DE-28D0-49AD-9CB0-B7CC7240CED4}.Release|Any CPU.ActiveCfg = Release|Any CPU
		{ACB727DE-28D0-49AD-9CB0-B7CC7240CED4}.Release|Any CPU.Build.0 = Release|Any CPU
		{157E6615-2817-49AD-A075-EEA390FEF766}.Debug|Any CPU.ActiveCfg = Debug|Any CPU
		{157E6615-2817-49AD-A075-EEA390FEF766}.Debug|Any CPU.Build.0 = Debug|Any CPU
		{157E6615-2817-49AD-A075-EEA390FEF766}.Release|Any CPU.ActiveCfg = Release|Any CPU
		{157E6615-2817-49AD-A075-EEA390FEF766}.Release|Any CPU.Build.0 = Release|Any CPU
		{8EC00EBE-DE4C-49A5-9468-FB46D53A3C5D}.Debug|Any CPU.ActiveCfg = Debug|Any CPU
		{8EC00EBE-DE4C-49A5-9468-FB46D53A3C5D}.Debug|Any CPU.Build.0 = Debug|Any CPU
		{8EC00EBE-DE4C-49A5-9468-FB46D53A3C5D}.Release|Any CPU.ActiveCfg = Release|Any CPU
		{8EC00EBE-DE4C-49A5-9468-FB46D53A3C5D}.Release|Any CPU.Build.0 = Release|Any CPU
		{EC859069-FA32-45F0-98AB-7DB0148BCE14}.Debug|Any CPU.ActiveCfg = Debug|Any CPU
		{EC859069-FA32-45F0-98AB-7DB0148BCE14}.Debug|Any CPU.Build.0 = Debug|Any CPU
		{EC859069-FA32-45F0-98AB-7DB0148BCE14}.Release|Any CPU.ActiveCfg = Release|Any CPU
		{EC859069-FA32-45F0-98AB-7DB0148BCE14}.Release|Any CPU.Build.0 = Release|Any CPU
		{05D741E5-9FD8-41B7-A4F5-78C8BB13C188}.Debug|Any CPU.ActiveCfg = Debug|Any CPU
		{05D741E5-9FD8-41B7-A4F5-78C8BB13C188}.Debug|Any CPU.Build.0 = Debug|Any CPU
		{05D741E5-9FD8-41B7-A4F5-78C8BB13C188}.Release|Any CPU.ActiveCfg = Release|Any CPU
		{05D741E5-9FD8-41B7-A4F5-78C8BB13C188}.Release|Any CPU.Build.0 = Release|Any CPU
		{D4D567E6-B55D-4081-876B-0AA2F5A6845E}.Debug|Any CPU.ActiveCfg = Debug|Any CPU
		{D4D567E6-B55D-4081-876B-0AA2F5A6845E}.Debug|Any CPU.Build.0 = Debug|Any CPU
		{D4D567E6-B55D-4081-876B-0AA2F5A6845E}.Release|Any CPU.ActiveCfg = Release|Any CPU
		{D4D567E6-B55D-4081-876B-0AA2F5A6845E}.Release|Any CPU.Build.0 = Release|Any CPU
		{BE474168-C786-42DE-9835-D1039B08F1AD}.Debug|Any CPU.ActiveCfg = Debug|Any CPU
		{BE474168-C786-42DE-9835-D1039B08F1AD}.Debug|Any CPU.Build.0 = Debug|Any CPU
		{BE474168-C786-42DE-9835-D1039B08F1AD}.Release|Any CPU.ActiveCfg = Release|Any CPU
		{BE474168-C786-42DE-9835-D1039B08F1AD}.Release|Any CPU.Build.0 = Release|Any CPU
		{35183FDB-9E43-43C0-8A71-3F7B51E15798}.Debug|Any CPU.ActiveCfg = Debug|Any CPU
		{35183FDB-9E43-43C0-8A71-3F7B51E15798}.Debug|Any CPU.Build.0 = Debug|Any CPU
		{35183FDB-9E43-43C0-8A71-3F7B51E15798}.Release|Any CPU.ActiveCfg = Release|Any CPU
		{35183FDB-9E43-43C0-8A71-3F7B51E15798}.Release|Any CPU.Build.0 = Release|Any CPU
		{452FCDF3-1914-4C3C-B020-329C4EF248F8}.Debug|Any CPU.ActiveCfg = Debug|Any CPU
		{452FCDF3-1914-4C3C-B020-329C4EF248F8}.Debug|Any CPU.Build.0 = Debug|Any CPU
		{452FCDF3-1914-4C3C-B020-329C4EF248F8}.Release|Any CPU.ActiveCfg = Release|Any CPU
		{452FCDF3-1914-4C3C-B020-329C4EF248F8}.Release|Any CPU.Build.0 = Release|Any CPU
		{EEECDCE9-5124-404D-BFDE-6AFA64387BE6}.Debug|Any CPU.ActiveCfg = Debug|Any CPU
		{EEECDCE9-5124-404D-BFDE-6AFA64387BE6}.Debug|Any CPU.Build.0 = Debug|Any CPU
		{EEECDCE9-5124-404D-BFDE-6AFA64387BE6}.Release|Any CPU.ActiveCfg = Release|Any CPU
		{EEECDCE9-5124-404D-BFDE-6AFA64387BE6}.Release|Any CPU.Build.0 = Release|Any CPU
	EndGlobalSection
	GlobalSection(SolutionProperties) = preSolution
		HideSolutionNode = FALSE
	EndGlobalSection
	GlobalSection(NestedProjects) = preSolution
		{114773E9-EE4E-4E95-AA13-A2F2CC4C576A} = {6F3F0277-4C6A-4085-8A5E-EFA3DC7BC6B2}
		{02B76AC2-4204-4046-8E0A-4144FA72B7A8} = {114773E9-EE4E-4E95-AA13-A2F2CC4C576A}
		{671688E9-1946-43C0-B254-E8460ABFCDC7} = {569D11F1-4F78-4365-826C-91083F8D1D02}
		{569D11F1-4F78-4365-826C-91083F8D1D02} = {114773E9-EE4E-4E95-AA13-A2F2CC4C576A}
		{A2FD40C9-0C9E-4553-BA5C-9AE75AFA6CE7} = {02B76AC2-4204-4046-8E0A-4144FA72B7A8}
		{ACB727DE-28D0-49AD-9CB0-B7CC7240CED4} = {02B76AC2-4204-4046-8E0A-4144FA72B7A8}
		{F27A7F8B-9B01-4B75-B24C-426B5D0EED61} = {FE12E808-0E25-4B7B-8915-41BCFE9794FE}
		{91929894-276F-4CCD-9D05-86BCE833E278} = {FE12E808-0E25-4B7B-8915-41BCFE9794FE}
		{FB5291FA-BFCE-4D99-81FE-F68F9922FBB9} = {F27A7F8B-9B01-4B75-B24C-426B5D0EED61}
		{8601F4BD-6A69-491D-9E69-E74E5CD385D1} = {FB5291FA-BFCE-4D99-81FE-F68F9922FBB9}
		{C3785004-887C-4FA5-894F-4316A05C3CCE} = {F27A7F8B-9B01-4B75-B24C-426B5D0EED61}
		{61951B8B-B1F0-4044-871F-2A913BF54D6F} = {C3785004-887C-4FA5-894F-4316A05C3CCE}
		{2D27C73A-F68F-4FA0-B558-86503B05D211} = {C3785004-887C-4FA5-894F-4316A05C3CCE}
		{157E6615-2817-49AD-A075-EEA390FEF766} = {61951B8B-B1F0-4044-871F-2A913BF54D6F}
		{57769F98-FA47-4781-A386-71D4F05B6605} = {F27A7F8B-9B01-4B75-B24C-426B5D0EED61}
		{8EC00EBE-DE4C-49A5-9468-FB46D53A3C5D} = {57769F98-FA47-4781-A386-71D4F05B6605}
		{EC859069-FA32-45F0-98AB-7DB0148BCE14} = {61951B8B-B1F0-4044-871F-2A913BF54D6F}
		{05D741E5-9FD8-41B7-A4F5-78C8BB13C188} = {2D27C73A-F68F-4FA0-B558-86503B05D211}
		{D4D567E6-B55D-4081-876B-0AA2F5A6845E} = {2D27C73A-F68F-4FA0-B558-86503B05D211}
		{BE474168-C786-42DE-9835-D1039B08F1AD} = {8601F4BD-6A69-491D-9E69-E74E5CD385D1}
		{35183FDB-9E43-43C0-8A71-3F7B51E15798} = {8601F4BD-6A69-491D-9E69-E74E5CD385D1}
		{A3E60845-3199-4440-987F-D55C9289A559} = {79AE95B2-F78F-4F06-9731-14C7846B071E}
		{7214D9CC-2B3E-4CF6-95BC-5B784E2C4FBA} = {79AE95B2-F78F-4F06-9731-14C7846B071E}
		{452FCDF3-1914-4C3C-B020-329C4EF248F8} = {A3E60845-3199-4440-987F-D55C9289A559}
		{EEECDCE9-5124-404D-BFDE-6AFA64387BE6} = {A3E60845-3199-4440-987F-D55C9289A559}
	EndGlobalSection
	GlobalSection(ExtensibilityGlobals) = postSolution
		SolutionGuid = {4E6E7ECC-E7D3-429D-940B-075E25E41A0F}
	EndGlobalSection
EndGlobal
