
Microsoft Visual Studio Solution File, Format Version 12.00
# Visual Studio Version 16
VisualStudioVersion = 16.0.28803.202
MinimumVisualStudioVersion = 10.0.40219.1
Project("{2150E333-8FDC-42A3-9474-1A3956D46DE8}") = "Presentation", "Presentation", "{6F3F0277-4C6A-4085-8A5E-EFA3DC7BC6B2}"
EndProject
Project("{FAE04EC0-301F-11D3-BF4B-00C04F79EFBC}") = "BS.Web", "..\BS.Web\BS.Web.csproj", "{99791B54-2899-4868-8703-2164BDF1DC32}"
EndProject
Global
	GlobalSection(SolutionConfigurationPlatforms) = preSolution
		Debug|Any CPU = Debug|Any CPU
		Release|Any CPU = Release|Any CPU
	EndGlobalSection
	GlobalSection(ProjectConfigurationPlatforms) = postSolution
		{99791B54-2899-4868-8703-2164BDF1DC32}.Debug|Any CPU.ActiveCfg = Debug|Any CPU
		{99791B54-2899-4868-8703-2164BDF1DC32}.Debug|Any CPU.Build.0 = Debug|Any CPU
		{99791B54-2899-4868-8703-2164BDF1DC32}.Release|Any CPU.ActiveCfg = Release|Any CPU
		{99791B54-2899-4868-8703-2164BDF1DC32}.Release|Any CPU.Build.0 = Release|Any CPU
	EndGlobalSection
	GlobalSection(SolutionProperties) = preSolution
		HideSolutionNode = FALSE
	EndGlobalSection
	GlobalSection(NestedProjects) = preSolution
		{99791B54-2899-4868-8703-2164BDF1DC32} = {6F3F0277-4C6A-4085-8A5E-EFA3DC7BC6B2}
	EndGlobalSection
	GlobalSection(ExtensibilityGlobals) = postSolution
		SolutionGuid = {4E6E7ECC-E7D3-429D-940B-075E25E41A0F}
	EndGlobalSection
EndGlobal
