
Microsoft Visual Studio Solution File, Format Version 12.00
# Visual Studio Version 16
VisualStudioVersion = 16.0.28803.202
MinimumVisualStudioVersion = 10.0.40219.1
Project("{2150E333-8FDC-42A3-9474-1A3956D46DE8}") = "Presentation", "Presentation", "{6F3F0277-4C6A-4085-8A5E-EFA3DC7BC6B2}"
EndProject
Project("{2150E333-8FDC-42A3-9474-1A3956D46DE8}") = "BS.WEB", "BS.WEB", "{114773E9-EE4E-4E95-AA13-A2F2CC4C576A}"
EndProject
Project("{2150E333-8FDC-42A3-9474-1A3956D46DE8}") = "ViewModels", "ViewModels", "{02B76AC2-4204-4046-8E0A-4144FA72B7A8}"
EndProject
Project("{9A19103F-16F7-4668-BE54-9A1E7A4F7556}") = "BS.Web", "BS.Web\BS.Web.csproj", "{671688E9-1946-43C0-B254-E8460ABFCDC7}"
EndProject
Project("{2150E333-8FDC-42A3-9474-1A3956D46DE8}") = "WEB", "WEB", "{569D11F1-4F78-4365-826C-91083F8D1D02}"
EndProject
Project("{9A19103F-16F7-4668-BE54-9A1E7A4F7556}") = "BS.WEB.ViewModels", "BS.WEB.ViewModels\BS.WEB.ViewModels.csproj", "{A2FD40C9-0C9E-4553-BA5C-9AE75AFA6CE7}"
EndProject
Project("{9A19103F-16F7-4668-BE54-9A1E7A4F7556}") = "BS.WEB.ViewModels.Abstract", "BS.WEB.ViewModels.Abstract\BS.WEB.ViewModels.Abstract.csproj", "{ACB727DE-28D0-49AD-9CB0-B7CC7240CED4}"
EndProject
Global
	GlobalSection(SolutionConfigurationPlatforms) = preSolution
		Debug|Any CPU = Debug|Any CPU
		Release|Any CPU = Release|Any CPU
	EndGlobalSection
	GlobalSection(ProjectConfigurationPlatforms) = postSolution
		{671688E9-1946-43C0-B254-E8460ABFCDC7}.Debug|Any CPU.ActiveCfg = Debug|Any CPU
		{671688E9-1946-43C0-B254-E8460ABFCDC7}.Debug|Any CPU.Build.0 = Debug|Any CPU
		{671688E9-1946-43C0-B254-E8460ABFCDC7}.Release|Any CPU.ActiveCfg = Release|Any CPU
		{671688E9-1946-43C0-B254-E8460ABFCDC7}.Release|Any CPU.Build.0 = Release|Any CPU
		{A2FD40C9-0C9E-4553-BA5C-9AE75AFA6CE7}.Debug|Any CPU.ActiveCfg = Debug|Any CPU
		{A2FD40C9-0C9E-4553-BA5C-9AE75AFA6CE7}.Debug|Any CPU.Build.0 = Debug|Any CPU
		{A2FD40C9-0C9E-4553-BA5C-9AE75AFA6CE7}.Release|Any CPU.ActiveCfg = Release|Any CPU
		{A2FD40C9-0C9E-4553-BA5C-9AE75AFA6CE7}.Release|Any CPU.Build.0 = Release|Any CPU
		{ACB727DE-28D0-49AD-9CB0-B7CC7240CED4}.Debug|Any CPU.ActiveCfg = Debug|Any CPU
		{ACB727DE-28D0-49AD-9CB0-B7CC7240CED4}.Debug|Any CPU.Build.0 = Debug|Any CPU
		{ACB727DE-28D0-49AD-9CB0-B7CC7240CED4}.Release|Any CPU.ActiveCfg = Release|Any CPU
		{ACB727DE-28D0-49AD-9CB0-B7CC7240CED4}.Release|Any CPU.Build.0 = Release|Any CPU
	EndGlobalSection
	GlobalSection(SolutionProperties) = preSolution
		HideSolutionNode = FALSE
	EndGlobalSection
	GlobalSection(NestedProjects) = preSolution
		{114773E9-EE4E-4E95-AA13-A2F2CC4C576A} = {6F3F0277-4C6A-4085-8A5E-EFA3DC7BC6B2}
		{02B76AC2-4204-4046-8E0A-4144FA72B7A8} = {114773E9-EE4E-4E95-AA13-A2F2CC4C576A}
		{671688E9-1946-43C0-B254-E8460ABFCDC7} = {569D11F1-4F78-4365-826C-91083F8D1D02}
		{569D11F1-4F78-4365-826C-91083F8D1D02} = {114773E9-EE4E-4E95-AA13-A2F2CC4C576A}
		{A2FD40C9-0C9E-4553-BA5C-9AE75AFA6CE7} = {02B76AC2-4204-4046-8E0A-4144FA72B7A8}
		{ACB727DE-28D0-49AD-9CB0-B7CC7240CED4} = {02B76AC2-4204-4046-8E0A-4144FA72B7A8}
	EndGlobalSection
	GlobalSection(ExtensibilityGlobals) = postSolution
		SolutionGuid = {4E6E7ECC-E7D3-429D-940B-075E25E41A0F}
	EndGlobalSection
EndGlobal
